
Microsoft Visual Studio Solution File, Format Version 12.00
# Visual Studio Version 17
VisualStudioVersion = 17.8.34408.163
MinimumVisualStudioVersion = 10.0.40219.1
Project("{FAE04EC0-301F-11D3-BF4B-00C04F79EFBC}") = "Homework 7", "Homework 7\Homework 7.csproj", "{56A8E2C6-AC8D-4B05-B9D5-6BE32717A465}"
EndProject
Global
	GlobalSection(SolutionConfigurationPlatforms) = preSolution
		Debug|Any CPU = Debug|Any CPU
		Release|Any CPU = Release|Any CPU
	EndGlobalSection
	GlobalSection(ProjectConfigurationPlatforms) = postSolution
		{56A8E2C6-AC8D-4B05-B9D5-6BE32717A465}.Debug|Any CPU.ActiveCfg = Debug|Any CPU
		{56A8E2C6-AC8D-4B05-B9D5-6BE32717A465}.Debug|Any CPU.Build.0 = Debug|Any CPU
		{56A8E2C6-AC8D-4B05-B9D5-6BE32717A465}.Release|Any CPU.ActiveCfg = Release|Any CPU
		{56A8E2C6-AC8D-4B05-B9D5-6BE32717A465}.Release|Any CPU.Build.0 = Release|Any CPU
	EndGlobalSection
	GlobalSection(SolutionProperties) = preSolution
		HideSolutionNode = FALSE
	EndGlobalSection
	GlobalSection(ExtensibilityGlobals) = postSolution
		SolutionGuid = {712A1127-C957-4ECF-A774-4AD7E5D3DAD4}
	EndGlobalSection
EndGlobal
